// !$*UTF8*$!
{
	archiveVersion = 1;
	classes = {
	};
	objectVersion = 56;
	objects = {

/* Begin PBXBuildFile section */
		BBDD59EB2C209D1600A5DE9C /* SonhariumApp.swift in Sources */ = {isa = PBXBuildFile; fileRef = BBDD59EA2C209D1600A5DE9C /* SonhariumApp.swift */; };
		BBDD59ED2C209D1600A5DE9C /* ContentView.swift in Sources */ = {isa = PBXBuildFile; fileRef = BBDD59EC2C209D1600A5DE9C /* ContentView.swift */; };
		BBDD59EF2C209D1700A5DE9C /* Assets.xcassets in Resources */ = {isa = PBXBuildFile; fileRef = BBDD59EE2C209D1700A5DE9C /* Assets.xcassets */; };
		BBDD59F32C209D1700A5DE9C /* Preview Assets.xcassets in Resources */ = {isa = PBXBuildFile; fileRef = BBDD59F22C209D1700A5DE9C /* Preview Assets.xcassets */; };
		BBDD59FD2C209D1700A5DE9C /* SonhariumTests.swift in Sources */ = {isa = PBXBuildFile; fileRef = BBDD59FC2C209D1700A5DE9C /* SonhariumTests.swift */; };
		BBDD5A072C209D1700A5DE9C /* SonhariumUITests.swift in Sources */ = {isa = PBXBuildFile; fileRef = BBDD5A062C209D1700A5DE9C /* SonhariumUITests.swift */; };
		BBDD5A092C209D1700A5DE9C /* SonhariumUITestsLaunchTests.swift in Sources */ = {isa = PBXBuildFile; fileRef = BBDD5A082C209D1700A5DE9C /* SonhariumUITestsLaunchTests.swift */; };
/* End PBXBuildFile section */

/* Begin PBXContainerItemProxy section */
		BBDD59F92C209D1700A5DE9C /* PBXContainerItemProxy */ = {
			isa = PBXContainerItemProxy;
			containerPortal = BBDD59DF2C209D1600A5DE9C /* Project object */;
			proxyType = 1;
			remoteGlobalIDString = BBDD59E62C209D1600A5DE9C;
			remoteInfo = Sonharium;
		};
		BBDD5A032C209D1700A5DE9C /* PBXContainerItemProxy */ = {
			isa = PBXContainerItemProxy;
			containerPortal = BBDD59DF2C209D1600A5DE9C /* Project object */;
			proxyType = 1;
			remoteGlobalIDString = BBDD59E62C209D1600A5DE9C;
			remoteInfo = Sonharium;
		};
/* End PBXContainerItemProxy section */

/* Begin PBXFileReference section */
		BBDD59E72C209D1600A5DE9C /* Sonharium.app */ = {isa = PBXFileReference; explicitFileType = wrapper.application; includeInIndex = 0; path = Sonharium.app; sourceTree = BUILT_PRODUCTS_DIR; };
		BBDD59EA2C209D1600A5DE9C /* SonhariumApp.swift */ = {isa = PBXFileReference; lastKnownFileType = sourcecode.swift; path = SonhariumApp.swift; sourceTree = "<group>"; };
		BBDD59EC2C209D1600A5DE9C /* ContentView.swift */ = {isa = PBXFileReference; lastKnownFileType = sourcecode.swift; path = ContentView.swift; sourceTree = "<group>"; };
		BBDD59EE2C209D1700A5DE9C /* Assets.xcassets */ = {isa = PBXFileReference; lastKnownFileType = folder.assetcatalog; path = Assets.xcassets; sourceTree = "<group>"; };
		BBDD59F02C209D1700A5DE9C /* Sonharium.entitlements */ = {isa = PBXFileReference; lastKnownFileType = text.plist.entitlements; path = Sonharium.entitlements; sourceTree = "<group>"; };
		BBDD59F22C209D1700A5DE9C /* Preview Assets.xcassets */ = {isa = PBXFileReference; lastKnownFileType = folder.assetcatalog; path = "Preview Assets.xcassets"; sourceTree = "<group>"; };
		BBDD59F82C209D1700A5DE9C /* SonhariumTests.xctest */ = {isa = PBXFileReference; explicitFileType = wrapper.cfbundle; includeInIndex = 0; path = SonhariumTests.xctest; sourceTree = BUILT_PRODUCTS_DIR; };
		BBDD59FC2C209D1700A5DE9C /* SonhariumTests.swift */ = {isa = PBXFileReference; lastKnownFileType = sourcecode.swift; path = SonhariumTests.swift; sourceTree = "<group>"; };
		BBDD5A022C209D1700A5DE9C /* SonhariumUITests.xctest */ = {isa = PBXFileReference; explicitFileType = wrapper.cfbundle; includeInIndex = 0; path = SonhariumUITests.xctest; sourceTree = BUILT_PRODUCTS_DIR; };
		BBDD5A062C209D1700A5DE9C /* SonhariumUITests.swift */ = {isa = PBXFileReference; lastKnownFileType = sourcecode.swift; path = SonhariumUITests.swift; sourceTree = "<group>"; };
		BBDD5A082C209D1700A5DE9C /* SonhariumUITestsLaunchTests.swift */ = {isa = PBXFileReference; lastKnownFileType = sourcecode.swift; path = SonhariumUITestsLaunchTests.swift; sourceTree = "<group>"; };
/* End PBXFileReference section */

/* Begin PBXFrameworksBuildPhase section */
		BBDD59E42C209D1600A5DE9C /* Frameworks */ = {
			isa = PBXFrameworksBuildPhase;
			buildActionMask = 2147483647;
			files = (
			);
			runOnlyForDeploymentPostprocessing = 0;
		};
		BBDD59F52C209D1700A5DE9C /* Frameworks */ = {
			isa = PBXFrameworksBuildPhase;
			buildActionMask = 2147483647;
			files = (
			);
			runOnlyForDeploymentPostprocessing = 0;
		};
		BBDD59FF2C209D1700A5DE9C /* Frameworks */ = {
			isa = PBXFrameworksBuildPhase;
			buildActionMask = 2147483647;
			files = (
			);
			runOnlyForDeploymentPostprocessing = 0;
		};
/* End PBXFrameworksBuildPhase section */

/* Begin PBXGroup section */
		BBDD59DE2C209D1600A5DE9C = {
			isa = PBXGroup;
			children = (
				BBDD59E92C209D1600A5DE9C /* Sonharium */,
				BBDD59FB2C209D1700A5DE9C /* SonhariumTests */,
				BBDD5A052C209D1700A5DE9C /* SonhariumUITests */,
				BBDD59E82C209D1600A5DE9C /* Products */,
			);
			sourceTree = "<group>";
		};
		BBDD59E82C209D1600A5DE9C /* Products */ = {
			isa = PBXGroup;
			children = (
				BBDD59E72C209D1600A5DE9C /* Sonharium.app */,
				BBDD59F82C209D1700A5DE9C /* SonhariumTests.xctest */,
				BBDD5A022C209D1700A5DE9C /* SonhariumUITests.xctest */,
			);
			name = Products;
			sourceTree = "<group>";
		};
		BBDD59E92C209D1600A5DE9C /* Sonharium */ = {
			isa = PBXGroup;
			children = (
				BBDD59EA2C209D1600A5DE9C /* SonhariumApp.swift */,
				BBDD59EC2C209D1600A5DE9C /* ContentView.swift */,
				BBDD59EE2C209D1700A5DE9C /* Assets.xcassets */,
				BBDD59F02C209D1700A5DE9C /* Sonharium.entitlements */,
				BBDD59F12C209D1700A5DE9C /* Preview Content */,
			);
			path = Sonharium;
			sourceTree = "<group>";
		};
		BBDD59F12C209D1700A5DE9C /* Preview Content */ = {
			isa = PBXGroup;
			children = (
				BBDD59F22C209D1700A5DE9C /* Preview Assets.xcassets */,
			);
			path = "Preview Content";
			sourceTree = "<group>";
		};
		BBDD59FB2C209D1700A5DE9C /* SonhariumTests */ = {
			isa = PBXGroup;
			children = (
				BBDD59FC2C209D1700A5DE9C /* SonhariumTests.swift */,
			);
			path = SonhariumTests;
			sourceTree = "<group>";
		};
		BBDD5A052C209D1700A5DE9C /* SonhariumUITests */ = {
			isa = PBXGroup;
			children = (
				BBDD5A062C209D1700A5DE9C /* SonhariumUITests.swift */,
				BBDD5A082C209D1700A5DE9C /* SonhariumUITestsLaunchTests.swift */,
			);
			path = SonhariumUITests;
			sourceTree = "<group>";
		};
/* End PBXGroup section */

/* Begin PBXNativeTarget section */
		BBDD59E62C209D1600A5DE9C /* Sonharium */ = {
			isa = PBXNativeTarget;
			buildConfigurationList = BBDD5A0C2C209D1700A5DE9C /* Build configuration list for PBXNativeTarget "Sonharium" */;
			buildPhases = (
				BBDD59E32C209D1600A5DE9C /* Sources */,
				BBDD59E42C209D1600A5DE9C /* Frameworks */,
				BBDD59E52C209D1600A5DE9C /* Resources */,
			);
			buildRules = (
			);
			dependencies = (
			);
			name = Sonharium;
			productName = Sonharium;
			productReference = BBDD59E72C209D1600A5DE9C /* Sonharium.app */;
			productType = "com.apple.product-type.application";
		};
		BBDD59F72C209D1700A5DE9C /* SonhariumTests */ = {
			isa = PBXNativeTarget;
			buildConfigurationList = BBDD5A0F2C209D1700A5DE9C /* Build configuration list for PBXNativeTarget "SonhariumTests" */;
			buildPhases = (
				BBDD59F42C209D1700A5DE9C /* Sources */,
				BBDD59F52C209D1700A5DE9C /* Frameworks */,
				BBDD59F62C209D1700A5DE9C /* Resources */,
			);
			buildRules = (
			);
			dependencies = (
				BBDD59FA2C209D1700A5DE9C /* PBXTargetDependency */,
			);
			name = SonhariumTests;
			productName = SonhariumTests;
			productReference = BBDD59F82C209D1700A5DE9C /* SonhariumTests.xctest */;
			productType = "com.apple.product-type.bundle.unit-test";
		};
		BBDD5A012C209D1700A5DE9C /* SonhariumUITests */ = {
			isa = PBXNativeTarget;
			buildConfigurationList = BBDD5A122C209D1700A5DE9C /* Build configuration list for PBXNativeTarget "SonhariumUITests" */;
			buildPhases = (
				BBDD59FE2C209D1700A5DE9C /* Sources */,
				BBDD59FF2C209D1700A5DE9C /* Frameworks */,
				BBDD5A002C209D1700A5DE9C /* Resources */,
			);
			buildRules = (
			);
			dependencies = (
				BBDD5A042C209D1700A5DE9C /* PBXTargetDependency */,
			);
			name = SonhariumUITests;
			productName = SonhariumUITests;
			productReference = BBDD5A022C209D1700A5DE9C /* SonhariumUITests.xctest */;
			productType = "com.apple.product-type.bundle.ui-testing";
		};
/* End PBXNativeTarget section */

/* Begin PBXProject section */
		BBDD59DF2C209D1600A5DE9C /* Project object */ = {
			isa = PBXProject;
			attributes = {
				BuildIndependentTargetsInParallel = 1;
				LastSwiftUpdateCheck = 1540;
				LastUpgradeCheck = 1540;
				TargetAttributes = {
					BBDD59E62C209D1600A5DE9C = {
						CreatedOnToolsVersion = 15.4;
					};
					BBDD59F72C209D1700A5DE9C = {
						CreatedOnToolsVersion = 15.4;
						TestTargetID = BBDD59E62C209D1600A5DE9C;
					};
					BBDD5A012C209D1700A5DE9C = {
						CreatedOnToolsVersion = 15.4;
						TestTargetID = BBDD59E62C209D1600A5DE9C;
					};
				};
			};
			buildConfigurationList = BBDD59E22C209D1600A5DE9C /* Build configuration list for PBXProject "Sonharium" */;
			compatibilityVersion = "Xcode 14.0";
			developmentRegion = en;
			hasScannedForEncodings = 0;
			knownRegions = (
				en,
				Base,
			);
			mainGroup = BBDD59DE2C209D1600A5DE9C;
			productRefGroup = BBDD59E82C209D1600A5DE9C /* Products */;
			projectDirPath = "";
			projectRoot = "";
			targets = (
				BBDD59E62C209D1600A5DE9C /* Sonharium */,
				BBDD59F72C209D1700A5DE9C /* SonhariumTests */,
				BBDD5A012C209D1700A5DE9C /* SonhariumUITests */,
			);
		};
/* End PBXProject section */

/* Begin PBXResourcesBuildPhase section */
		BBDD59E52C209D1600A5DE9C /* Resources */ = {
			isa = PBXResourcesBuildPhase;
			buildActionMask = 2147483647;
			files = (
				BBDD59F32C209D1700A5DE9C /* Preview Assets.xcassets in Resources */,
				BBDD59EF2C209D1700A5DE9C /* Assets.xcassets in Resources */,
			);
			runOnlyForDeploymentPostprocessing = 0;
		};
		BBDD59F62C209D1700A5DE9C /* Resources */ = {
			isa = PBXResourcesBuildPhase;
			buildActionMask = 2147483647;
			files = (
			);
			runOnlyForDeploymentPostprocessing = 0;
		};
		BBDD5A002C209D1700A5DE9C /* Resources */ = {
			isa = PBXResourcesBuildPhase;
			buildActionMask = 2147483647;
			files = (
			);
			runOnlyForDeploymentPostprocessing = 0;
		};
/* End PBXResourcesBuildPhase section */

/* Begin PBXSourcesBuildPhase section */
		BBDD59E32C209D1600A5DE9C /* Sources */ = {
			isa = PBXSourcesBuildPhase;
			buildActionMask = 2147483647;
			files = (
				BBDD59ED2C209D1600A5DE9C /* ContentView.swift in Sources */,
				BBDD59EB2C209D1600A5DE9C /* SonhariumApp.swift in Sources */,
			);
			runOnlyForDeploymentPostprocessing = 0;
		};
		BBDD59F42C209D1700A5DE9C /* Sources */ = {
			isa = PBXSourcesBuildPhase;
			buildActionMask = 2147483647;
			files = (
				BBDD59FD2C209D1700A5DE9C /* SonhariumTests.swift in Sources */,
			);
			runOnlyForDeploymentPostprocessing = 0;
		};
		BBDD59FE2C209D1700A5DE9C /* Sources */ = {
			isa = PBXSourcesBuildPhase;
			buildActionMask = 2147483647;
			files = (
				BBDD5A072C209D1700A5DE9C /* SonhariumUITests.swift in Sources */,
				BBDD5A092C209D1700A5DE9C /* SonhariumUITestsLaunchTests.swift in Sources */,
			);
			runOnlyForDeploymentPostprocessing = 0;
		};
/* End PBXSourcesBuildPhase section */

/* Begin PBXTargetDependency section */
		BBDD59FA2C209D1700A5DE9C /* PBXTargetDependency */ = {
			isa = PBXTargetDependency;
			target = BBDD59E62C209D1600A5DE9C /* Sonharium */;
			targetProxy = BBDD59F92C209D1700A5DE9C /* PBXContainerItemProxy */;
		};
		BBDD5A042C209D1700A5DE9C /* PBXTargetDependency */ = {
			isa = PBXTargetDependency;
			target = BBDD59E62C209D1600A5DE9C /* Sonharium */;
			targetProxy = BBDD5A032C209D1700A5DE9C /* PBXContainerItemProxy */;
		};
/* End PBXTargetDependency section */

/* Begin XCBuildConfiguration section */
		BBDD5A0A2C209D1700A5DE9C /* Debug */ = {
			isa = XCBuildConfiguration;
			buildSettings = {
				ALWAYS_SEARCH_USER_PATHS = NO;
				ASSETCATALOG_COMPILER_GENERATE_SWIFT_ASSET_SYMBOL_EXTENSIONS = YES;
				CLANG_ANALYZER_NONNULL = YES;
				CLANG_ANALYZER_NUMBER_OBJECT_CONVERSION = YES_AGGRESSIVE;
				CLANG_CXX_LANGUAGE_STANDARD = "gnu++20";
				CLANG_ENABLE_MODULES = YES;
				CLANG_ENABLE_OBJC_ARC = YES;
				CLANG_ENABLE_OBJC_WEAK = YES;
				CLANG_WARN_BLOCK_CAPTURE_AUTORELEASING = YES;
				CLANG_WARN_BOOL_CONVERSION = YES;
				CLANG_WARN_COMMA = YES;
				CLANG_WARN_CONSTANT_CONVERSION = YES;
				CLANG_WARN_DEPRECATED_OBJC_IMPLEMENTATIONS = YES;
				CLANG_WARN_DIRECT_OBJC_ISA_USAGE = YES_ERROR;
				CLANG_WARN_DOCUMENTATION_COMMENTS = YES;
				CLANG_WARN_EMPTY_BODY = YES;
				CLANG_WARN_ENUM_CONVERSION = YES;
				CLANG_WARN_INFINITE_RECURSION = YES;
				CLANG_WARN_INT_CONVERSION = YES;
				CLANG_WARN_NON_LITERAL_NULL_CONVERSION = YES;
				CLANG_WARN_OBJC_IMPLICIT_RETAIN_SELF = YES;
				CLANG_WARN_OBJC_LITERAL_CONVERSION = YES;
				CLANG_WARN_OBJC_ROOT_CLASS = YES_ERROR;
				CLANG_WARN_QUOTED_INCLUDE_IN_FRAMEWORK_HEADER = YES;
				CLANG_WARN_RANGE_LOOP_ANALYSIS = YES;
				CLANG_WARN_STRICT_PROTOTYPES = YES;
				CLANG_WARN_SUSPICIOUS_MOVE = YES;
				CLANG_WARN_UNGUARDED_AVAILABILITY = YES_AGGRESSIVE;
				CLANG_WARN_UNREACHABLE_CODE = YES;
				CLANG_WARN__DUPLICATE_METHOD_MATCH = YES;
				COPY_PHASE_STRIP = NO;
				DEBUG_INFORMATION_FORMAT = dwarf;
				ENABLE_STRICT_OBJC_MSGSEND = YES;
				ENABLE_TESTABILITY = YES;
				ENABLE_USER_SCRIPT_SANDBOXING = YES;
				GCC_C_LANGUAGE_STANDARD = gnu17;
				GCC_DYNAMIC_NO_PIC = NO;
				GCC_NO_COMMON_BLOCKS = YES;
				GCC_OPTIMIZATION_LEVEL = 0;
				GCC_PREPROCESSOR_DEFINITIONS = (
					"DEBUG=1",
					"$(inherited)",
				);
				GCC_WARN_64_TO_32_BIT_CONVERSION = YES;
				GCC_WARN_ABOUT_RETURN_TYPE = YES_ERROR;
				GCC_WARN_UNDECLARED_SELECTOR = YES;
				GCC_WARN_UNINITIALIZED_AUTOS = YES_AGGRESSIVE;
				GCC_WARN_UNUSED_FUNCTION = YES;
				GCC_WARN_UNUSED_VARIABLE = YES;
				LOCALIZATION_PREFERS_STRING_CATALOGS = YES;
				MTL_ENABLE_DEBUG_INFO = INCLUDE_SOURCE;
				MTL_FAST_MATH = YES;
				ONLY_ACTIVE_ARCH = YES;
				SWIFT_ACTIVE_COMPILATION_CONDITIONS = "DEBUG $(inherited)";
				SWIFT_OPTIMIZATION_LEVEL = "-Onone";
			};
			name = Debug;
		};
		BBDD5A0B2C209D1700A5DE9C /* Release */ = {
			isa = XCBuildConfiguration;
			buildSettings = {
				ALWAYS_SEARCH_USER_PATHS = NO;
				ASSETCATALOG_COMPILER_GENERATE_SWIFT_ASSET_SYMBOL_EXTENSIONS = YES;
				CLANG_ANALYZER_NONNULL = YES;
				CLANG_ANALYZER_NUMBER_OBJECT_CONVERSION = YES_AGGRESSIVE;
				CLANG_CXX_LANGUAGE_STANDARD = "gnu++20";
				CLANG_ENABLE_MODULES = YES;
				CLANG_ENABLE_OBJC_ARC = YES;
				CLANG_ENABLE_OBJC_WEAK = YES;
				CLANG_WARN_BLOCK_CAPTURE_AUTORELEASING = YES;
				CLANG_WARN_BOOL_CONVERSION = YES;
				CLANG_WARN_COMMA = YES;
				CLANG_WARN_CONSTANT_CONVERSION = YES;
				CLANG_WARN_DEPRECATED_OBJC_IMPLEMENTATIONS = YES;
				CLANG_WARN_DIRECT_OBJC_ISA_USAGE = YES_ERROR;
				CLANG_WARN_DOCUMENTATION_COMMENTS = YES;
				CLANG_WARN_EMPTY_BODY = YES;
				CLANG_WARN_ENUM_CONVERSION = YES;
				CLANG_WARN_INFINITE_RECURSION = YES;
				CLANG_WARN_INT_CONVERSION = YES;
				CLANG_WARN_NON_LITERAL_NULL_CONVERSION = YES;
				CLANG_WARN_OBJC_IMPLICIT_RETAIN_SELF = YES;
				CLANG_WARN_OBJC_LITERAL_CONVERSION = YES;
				CLANG_WARN_OBJC_ROOT_CLASS = YES_ERROR;
				CLANG_WARN_QUOTED_INCLUDE_IN_FRAMEWORK_HEADER = YES;
				CLANG_WARN_RANGE_LOOP_ANALYSIS = YES;
				CLANG_WARN_STRICT_PROTOTYPES = YES;
				CLANG_WARN_SUSPICIOUS_MOVE = YES;
				CLANG_WARN_UNGUARDED_AVAILABILITY = YES_AGGRESSIVE;
				CLANG_WARN_UNREACHABLE_CODE = YES;
				CLANG_WARN__DUPLICATE_METHOD_MATCH = YES;
				COPY_PHASE_STRIP = NO;
				DEBUG_INFORMATION_FORMAT = "dwarf-with-dsym";
				ENABLE_NS_ASSERTIONS = NO;
				ENABLE_STRICT_OBJC_MSGSEND = YES;
				ENABLE_USER_SCRIPT_SANDBOXING = YES;
				GCC_C_LANGUAGE_STANDARD = gnu17;
				GCC_NO_COMMON_BLOCKS = YES;
				GCC_WARN_64_TO_32_BIT_CONVERSION = YES;
				GCC_WARN_ABOUT_RETURN_TYPE = YES_ERROR;
				GCC_WARN_UNDECLARED_SELECTOR = YES;
				GCC_WARN_UNINITIALIZED_AUTOS = YES_AGGRESSIVE;
				GCC_WARN_UNUSED_FUNCTION = YES;
				GCC_WARN_UNUSED_VARIABLE = YES;
				LOCALIZATION_PREFERS_STRING_CATALOGS = YES;
				MTL_ENABLE_DEBUG_INFO = NO;
				MTL_FAST_MATH = YES;
				SWIFT_COMPILATION_MODE = wholemodule;
			};
			name = Release;
		};
		BBDD5A0D2C209D1700A5DE9C /* Debug */ = {
			isa = XCBuildConfiguration;
			buildSettings = {
				ASSETCATALOG_COMPILER_APPICON_NAME = AppIcon;
				ASSETCATALOG_COMPILER_GLOBAL_ACCENT_COLOR_NAME = AccentColor;
				CODE_SIGN_ENTITLEMENTS = Sonharium/Sonharium.entitlements;
				CODE_SIGN_STYLE = Automatic;
				CURRENT_PROJECT_VERSION = 1;
				DEVELOPMENT_ASSET_PATHS = "\"Sonharium/Preview Content\"";
				DEVELOPMENT_TEAM = A464MN4KY4;
				ENABLE_HARDENED_RUNTIME = YES;
				ENABLE_PREVIEWS = YES;
				GENERATE_INFOPLIST_FILE = YES;
				"INFOPLIST_KEY_UIApplicationSceneManifest_Generation[sdk=iphoneos*]" = YES;
				"INFOPLIST_KEY_UIApplicationSceneManifest_Generation[sdk=iphonesimulator*]" = YES;
				"INFOPLIST_KEY_UIApplicationSupportsIndirectInputEvents[sdk=iphoneos*]" = YES;
				"INFOPLIST_KEY_UIApplicationSupportsIndirectInputEvents[sdk=iphonesimulator*]" = YES;
				"INFOPLIST_KEY_UILaunchScreen_Generation[sdk=iphoneos*]" = YES;
				"INFOPLIST_KEY_UILaunchScreen_Generation[sdk=iphonesimulator*]" = YES;
				"INFOPLIST_KEY_UIStatusBarStyle[sdk=iphoneos*]" = UIStatusBarStyleDefault;
				"INFOPLIST_KEY_UIStatusBarStyle[sdk=iphonesimulator*]" = UIStatusBarStyleDefault;
				INFOPLIST_KEY_UISupportedInterfaceOrientations_iPad = "UIInterfaceOrientationPortrait UIInterfaceOrientationPortraitUpsideDown UIInterfaceOrientationLandscapeLeft UIInterfaceOrientationLandscapeRight";
				INFOPLIST_KEY_UISupportedInterfaceOrientations_iPhone = "UIInterfaceOrientationPortrait UIInterfaceOrientationLandscapeLeft UIInterfaceOrientationLandscapeRight";
				IPHONEOS_DEPLOYMENT_TARGET = 17.5;
				LD_RUNPATH_SEARCH_PATHS = "@executable_path/Frameworks";
				"LD_RUNPATH_SEARCH_PATHS[sdk=macosx*]" = "@executable_path/../Frameworks";
				MACOSX_DEPLOYMENT_TARGET = 14.5;
				MARKETING_VERSION = 1.0;
				PRODUCT_BUNDLE_IDENTIFIER = team7.Sonharium;
				PRODUCT_NAME = "$(TARGET_NAME)";
				SDKROOT = auto;
				SUPPORTED_PLATFORMS = "iphoneos iphonesimulator macosx";
				SWIFT_EMIT_LOC_STRINGS = YES;
				SWIFT_VERSION = 5.0;
				TARGETED_DEVICE_FAMILY = "1,2";
			};
			name = Debug;
		};
		BBDD5A0E2C209D1700A5DE9C /* Release */ = {
			isa = XCBuildConfiguration;
			buildSettings = {
				ASSETCATALOG_COMPILER_APPICON_NAME = AppIcon;
				ASSETCATALOG_COMPILER_GLOBAL_ACCENT_COLOR_NAME = AccentColor;
				CODE_SIGN_ENTITLEMENTS = Sonharium/Sonharium.entitlements;
				CODE_SIGN_STYLE = Automatic;
				CURRENT_PROJECT_VERSION = 1;
				DEVELOPMENT_ASSET_PATHS = "\"Sonharium/Preview Content\"";
				DEVELOPMENT_TEAM = A464MN4KY4;
				ENABLE_HARDENED_RUNTIME = YES;
				ENABLE_PREVIEWS = YES;
				GENERATE_INFOPLIST_FILE = YES;
				"INFOPLIST_KEY_UIApplicationSceneManifest_Generation[sdk=iphoneos*]" = YES;
				"INFOPLIST_KEY_UIApplicationSceneManifest_Generation[sdk=iphonesimulator*]" = YES;
				"INFOPLIST_KEY_UIApplicationSupportsIndirectInputEvents[sdk=iphoneos*]" = YES;
				"INFOPLIST_KEY_UIApplicationSupportsIndirectInputEvents[sdk=iphonesimulator*]" = YES;
				"INFOPLIST_KEY_UILaunchScreen_Generation[sdk=iphoneos*]" = YES;
				"INFOPLIST_KEY_UILaunchScreen_Generation[sdk=iphonesimulator*]" = YES;
				"INFOPLIST_KEY_UIStatusBarStyle[sdk=iphoneos*]" = UIStatusBarStyleDefault;
				"INFOPLIST_KEY_UIStatusBarStyle[sdk=iphonesimulator*]" = UIStatusBarStyleDefault;
				INFOPLIST_KEY_UISupportedInterfaceOrientations_iPad = "UIInterfaceOrientationPortrait UIInterfaceOrientationPortraitUpsideDown UIInterfaceOrientationLandscapeLeft UIInterfaceOrientationLandscapeRight";
				INFOPLIST_KEY_UISupportedInterfaceOrientations_iPhone = "UIInterfaceOrientationPortrait UIInterfaceOrientationLandscapeLeft UIInterfaceOrientationLandscapeRight";
				IPHONEOS_DEPLOYMENT_TARGET = 17.5;
				LD_RUNPATH_SEARCH_PATHS = "@executable_path/Frameworks";
				"LD_RUNPATH_SEARCH_PATHS[sdk=macosx*]" = "@executable_path/../Frameworks";
				MACOSX_DEPLOYMENT_TARGET = 14.5;
				MARKETING_VERSION = 1.0;
				PRODUCT_BUNDLE_IDENTIFIER = team7.Sonharium;
				PRODUCT_NAME = "$(TARGET_NAME)";
				SDKROOT = auto;
				SUPPORTED_PLATFORMS = "iphoneos iphonesimulator macosx";
				SWIFT_EMIT_LOC_STRINGS = YES;
				SWIFT_VERSION = 5.0;
				TARGETED_DEVICE_FAMILY = "1,2";
			};
			name = Release;
		};
		BBDD5A102C209D1700A5DE9C /* Debug */ = {
			isa = XCBuildConfiguration;
			buildSettings = {
				ALWAYS_EMBED_SWIFT_STANDARD_LIBRARIES = YES;
				BUNDLE_LOADER = "$(TEST_HOST)";
				CODE_SIGN_STYLE = Automatic;
				CURRENT_PROJECT_VERSION = 1;
				DEVELOPMENT_TEAM = A464MN4KY4;
				GENERATE_INFOPLIST_FILE = YES;
				IPHONEOS_DEPLOYMENT_TARGET = 17.5;
				MACOSX_DEPLOYMENT_TARGET = 14.5;
				MARKETING_VERSION = 1.0;
				PRODUCT_BUNDLE_IDENTIFIER = team7.SonhariumTests;
				PRODUCT_NAME = "$(TARGET_NAME)";
				SDKROOT = auto;
				SUPPORTED_PLATFORMS = "iphoneos iphonesimulator macosx";
				SWIFT_EMIT_LOC_STRINGS = NO;
				SWIFT_VERSION = 5.0;
				TARGETED_DEVICE_FAMILY = "1,2";
				TEST_HOST = "$(BUILT_PRODUCTS_DIR)/Sonharium.app/$(BUNDLE_EXECUTABLE_FOLDER_PATH)/Sonharium";
			};
			name = Debug;
		};
		BBDD5A112C209D1700A5DE9C /* Release */ = {
			isa = XCBuildConfiguration;
			buildSettings = {
				ALWAYS_EMBED_SWIFT_STANDARD_LIBRARIES = YES;
				BUNDLE_LOADER = "$(TEST_HOST)";
				CODE_SIGN_STYLE = Automatic;
				CURRENT_PROJECT_VERSION = 1;
				DEVELOPMENT_TEAM = A464MN4KY4;
				GENERATE_INFOPLIST_FILE = YES;
				IPHONEOS_DEPLOYMENT_TARGET = 17.5;
				MACOSX_DEPLOYMENT_TARGET = 14.5;
				MARKETING_VERSION = 1.0;
				PRODUCT_BUNDLE_IDENTIFIER = team7.SonhariumTests;
				PRODUCT_NAME = "$(TARGET_NAME)";
				SDKROOT = auto;
				SUPPORTED_PLATFORMS = "iphoneos iphonesimulator macosx";
				SWIFT_EMIT_LOC_STRINGS = NO;
				SWIFT_VERSION = 5.0;
				TARGETED_DEVICE_FAMILY = "1,2";
				TEST_HOST = "$(BUILT_PRODUCTS_DIR)/Sonharium.app/$(BUNDLE_EXECUTABLE_FOLDER_PATH)/Sonharium";
			};
			name = Release;
		};
		BBDD5A132C209D1700A5DE9C /* Debug */ = {
			isa = XCBuildConfiguration;
			buildSettings = {
				ALWAYS_EMBED_SWIFT_STANDARD_LIBRARIES = YES;
				CODE_SIGN_STYLE = Automatic;
				CURRENT_PROJECT_VERSION = 1;
				DEVELOPMENT_TEAM = A464MN4KY4;
				GENERATE_INFOPLIST_FILE = YES;
				IPHONEOS_DEPLOYMENT_TARGET = 17.5;
				MACOSX_DEPLOYMENT_TARGET = 14.5;
				MARKETING_VERSION = 1.0;
				PRODUCT_BUNDLE_IDENTIFIER = team7.SonhariumUITests;
				PRODUCT_NAME = "$(TARGET_NAME)";
				SDKROOT = auto;
				SUPPORTED_PLATFORMS = "iphoneos iphonesimulator macosx";
				SWIFT_EMIT_LOC_STRINGS = NO;
				SWIFT_VERSION = 5.0;
				TARGETED_DEVICE_FAMILY = "1,2";
				TEST_TARGET_NAME = Sonharium;
			};
			name = Debug;
		};
		BBDD5A142C209D1700A5DE9C /* Release */ = {
			isa = XCBuildConfiguration;
			buildSettings = {
				ALWAYS_EMBED_SWIFT_STANDARD_LIBRARIES = YES;
				CODE_SIGN_STYLE = Automatic;
				CURRENT_PROJECT_VERSION = 1;
				DEVELOPMENT_TEAM = A464MN4KY4;
				GENERATE_INFOPLIST_FILE = YES;
				IPHONEOS_DEPLOYMENT_TARGET = 17.5;
				MACOSX_DEPLOYMENT_TARGET = 14.5;
				MARKETING_VERSION = 1.0;
				PRODUCT_BUNDLE_IDENTIFIER = team7.SonhariumUITests;
				PRODUCT_NAME = "$(TARGET_NAME)";
				SDKROOT = auto;
				SUPPORTED_PLATFORMS = "iphoneos iphonesimulator macosx";
				SWIFT_EMIT_LOC_STRINGS = NO;
				SWIFT_VERSION = 5.0;
				TARGETED_DEVICE_FAMILY = "1,2";
				TEST_TARGET_NAME = Sonharium;
			};
			name = Release;
		};
/* End XCBuildConfiguration section */

/* Begin XCConfigurationList section */
		BBDD59E22C209D1600A5DE9C /* Build configuration list for PBXProject "Sonharium" */ = {
			isa = XCConfigurationList;
			buildConfigurations = (
				BBDD5A0A2C209D1700A5DE9C /* Debug */,
				BBDD5A0B2C209D1700A5DE9C /* Release */,
			);
			defaultConfigurationIsVisible = 0;
			defaultConfigurationName = Release;
		};
		BBDD5A0C2C209D1700A5DE9C /* Build configuration list for PBXNativeTarget "Sonharium" */ = {
			isa = XCConfigurationList;
			buildConfigurations = (
				BBDD5A0D2C209D1700A5DE9C /* Debug */,
				BBDD5A0E2C209D1700A5DE9C /* Release */,
			);
			defaultConfigurationIsVisible = 0;
			defaultConfigurationName = Release;
		};
		BBDD5A0F2C209D1700A5DE9C /* Build configuration list for PBXNativeTarget "SonhariumTests" */ = {
			isa = XCConfigurationList;
			buildConfigurations = (
				BBDD5A102C209D1700A5DE9C /* Debug */,
				BBDD5A112C209D1700A5DE9C /* Release */,
			);
			defaultConfigurationIsVisible = 0;
			defaultConfigurationName = Release;
		};
		BBDD5A122C209D1700A5DE9C /* Build configuration list for PBXNativeTarget "SonhariumUITests" */ = {
			isa = XCConfigurationList;
			buildConfigurations = (
				BBDD5A132C209D1700A5DE9C /* Debug */,
				BBDD5A142C209D1700A5DE9C /* Release */,
			);
			defaultConfigurationIsVisible = 0;
			defaultConfigurationName = Release;
		};
/* End XCConfigurationList section */
	};
	rootObject = BBDD59DF2C209D1600A5DE9C /* Project object */;
}
