// !$*UTF8*$!
{
	archiveVersion = 1;
	classes = {
	};
	objectVersion = 60;
	objects = {

/* Begin PBXBuildFile section */
		122C5AE72C20B0BB00FC1D02 /* InfoButtonView.swift in Sources */ = {isa = PBXBuildFile; fileRef = 122C5AE62C20B0BB00FC1D02 /* InfoButtonView.swift */; };
		122C5AE92C20BC1F00FC1D02 /* InfoCardView.swift in Sources */ = {isa = PBXBuildFile; fileRef = 122C5AE82C20BC1F00FC1D02 /* InfoCardView.swift */; };
		122C5AEB2C20C00A00FC1D02 /* InfoBeneficiosCardView.swift in Sources */ = {isa = PBXBuildFile; fileRef = 122C5AEA2C20C00A00FC1D02 /* InfoBeneficiosCardView.swift */; };
		129835472C25AE3300CA8CD9 /* DrawView.swift in Sources */ = {isa = PBXBuildFile; fileRef = 129835462C25AE3300CA8CD9 /* DrawView.swift */; };
		12C280682C2B0CB80027596D /* CalendarWeek in Frameworks */ = {isa = PBXBuildFile; productRef = 12C280672C2B0CB80027596D /* CalendarWeek */; };
		12D0AB862C29A4BC006A5547 /* CalendarioView.swift in Sources */ = {isa = PBXBuildFile; fileRef = 12D0AB852C29A4BC006A5547 /* CalendarioView.swift */; };
		30FDCD862C234662009A1D38 /* NoDrems.swift in Sources */ = {isa = PBXBuildFile; fileRef = 30FDCD852C234662009A1D38 /* NoDrems.swift */; };
		BB16ACAE2C25A18800F17508 /* NotificationManager.swift in Sources */ = {isa = PBXBuildFile; fileRef = BB16ACAD2C25A18800F17508 /* NotificationManager.swift */; };
		BB16ACB22C25A28800F17508 /* DateHelper.swift in Sources */ = {isa = PBXBuildFile; fileRef = BB16ACB12C25A28800F17508 /* DateHelper.swift */; };
		BB16ACB42C25A48000F17508 /* AppDelegate.swift in Sources */ = {isa = PBXBuildFile; fileRef = BB16ACB32C25A48000F17508 /* AppDelegate.swift */; };
		BB16ACB82C2730F900F17508 /* TheAudioRecorder.swift in Sources */ = {isa = PBXBuildFile; fileRef = BB16ACB72C2730F900F17508 /* TheAudioRecorder.swift */; };
		BB47DBAB2C2AE78A003E9003 /* CalendarWeek in Frameworks */ = {isa = PBXBuildFile; productRef = BB47DBAA2C2AE78A003E9003 /* CalendarWeek */; };
		BB47DBAD2C2AE7A7003E9003 /* CalendarWeek in Frameworks */ = {isa = PBXBuildFile; productRef = BB47DBAC2C2AE7A7003E9003 /* CalendarWeek */; };
		BBDD59ED2C209D1600A5DE9C /* Sonharium.swift in Sources */ = {isa = PBXBuildFile; fileRef = BBDD59EC2C209D1600A5DE9C /* Sonharium.swift */; };
		BBDD59EF2C209D1700A5DE9C /* Assets.xcassets in Resources */ = {isa = PBXBuildFile; fileRef = BBDD59EE2C209D1700A5DE9C /* Assets.xcassets */; };
		BBDD59F32C209D1700A5DE9C /* Preview Assets.xcassets in Resources */ = {isa = PBXBuildFile; fileRef = BBDD59F22C209D1700A5DE9C /* Preview Assets.xcassets */; };
		BBDD59FD2C209D1700A5DE9C /* SonhariumTests.swift in Sources */ = {isa = PBXBuildFile; fileRef = BBDD59FC2C209D1700A5DE9C /* SonhariumTests.swift */; };
		BBDD5A222C209EB300A5DE9C /* InfoDreamView.swift in Sources */ = {isa = PBXBuildFile; fileRef = BBDD5A212C209EB300A5DE9C /* InfoDreamView.swift */; };
		BBDD5A242C209EC500A5DE9C /* EditDreamView.swift in Sources */ = {isa = PBXBuildFile; fileRef = BBDD5A232C209EC500A5DE9C /* EditDreamView.swift */; };
		BBDD5A262C209ED900A5DE9C /* MyDreamsView.swift in Sources */ = {isa = PBXBuildFile; fileRef = BBDD5A252C209ED900A5DE9C /* MyDreamsView.swift */; };
		BBDD5A282C209EE600A5DE9C /* MyDreamCardView.swift in Sources */ = {isa = PBXBuildFile; fileRef = BBDD5A272C209EE600A5DE9C /* MyDreamCardView.swift */; };
		BBDD5A2A2C209EF500A5DE9C /* HomeDreamView.swift in Sources */ = {isa = PBXBuildFile; fileRef = BBDD5A292C209EF500A5DE9C /* HomeDreamView.swift */; };
		BBDD5A2E2C209F1500A5DE9C /* DreamCardView.swift in Sources */ = {isa = PBXBuildFile; fileRef = BBDD5A2D2C209F1500A5DE9C /* DreamCardView.swift */; };
		BBDD5A302C209F2B00A5DE9C /* AddDreamView.swift in Sources */ = {isa = PBXBuildFile; fileRef = BBDD5A2F2C209F2B00A5DE9C /* AddDreamView.swift */; };
		BBDD5A322C209F4300A5DE9C /* Dream.swift in Sources */ = {isa = PBXBuildFile; fileRef = BBDD5A312C209F4300A5DE9C /* Dream.swift */; };
		BBDD5A352C20BDB600A5DE9C /* CustomCellView.swift in Sources */ = {isa = PBXBuildFile; fileRef = BBDD5A342C20BDB600A5DE9C /* CustomCellView.swift */; };
		BBDD5A372C21F9A300A5DE9C /* CustomCellViewTwo.swift in Sources */ = {isa = PBXBuildFile; fileRef = BBDD5A362C21F9A300A5DE9C /* CustomCellViewTwo.swift */; };
		BBDD5A392C2210AD00A5DE9C /* FaceIdView.swift in Sources */ = {isa = PBXBuildFile; fileRef = BBDD5A382C2210AD00A5DE9C /* FaceIdView.swift */; };
		BBDD5A3B2C2314A300A5DE9C /* AuthenticationManager.swift in Sources */ = {isa = PBXBuildFile; fileRef = BBDD5A3A2C2314A300A5DE9C /* AuthenticationManager.swift */; };
		BBDD5A3D2C235A4200A5DE9C /* SplashScreenView.swift in Sources */ = {isa = PBXBuildFile; fileRef = BBDD5A3C2C235A4200A5DE9C /* SplashScreenView.swift */; };
/* End PBXBuildFile section */

/* Begin PBXContainerItemProxy section */
		BBDD59F92C209D1700A5DE9C /* PBXContainerItemProxy */ = {
			isa = PBXContainerItemProxy;
			containerPortal = BBDD59DF2C209D1600A5DE9C /* Project object */;
			proxyType = 1;
			remoteGlobalIDString = BBDD59E62C209D1600A5DE9C;
			remoteInfo = Sonharium;
		};
/* End PBXContainerItemProxy section */

/* Begin PBXFileReference section */
		122C5AE62C20B0BB00FC1D02 /* InfoButtonView.swift */ = {isa = PBXFileReference; lastKnownFileType = sourcecode.swift; path = InfoButtonView.swift; sourceTree = "<group>"; };
		122C5AE82C20BC1F00FC1D02 /* InfoCardView.swift */ = {isa = PBXFileReference; lastKnownFileType = sourcecode.swift; path = InfoCardView.swift; sourceTree = "<group>"; };
		122C5AEA2C20C00A00FC1D02 /* InfoBeneficiosCardView.swift */ = {isa = PBXFileReference; lastKnownFileType = sourcecode.swift; path = InfoBeneficiosCardView.swift; sourceTree = "<group>"; };
		129835462C25AE3300CA8CD9 /* DrawView.swift */ = {isa = PBXFileReference; lastKnownFileType = sourcecode.swift; path = DrawView.swift; sourceTree = "<group>"; };
		12D0AB852C29A4BC006A5547 /* CalendarioView.swift */ = {isa = PBXFileReference; lastKnownFileType = sourcecode.swift; path = CalendarioView.swift; sourceTree = "<group>"; };
		30FDCD852C234662009A1D38 /* NoDrems.swift */ = {isa = PBXFileReference; lastKnownFileType = sourcecode.swift; path = NoDrems.swift; sourceTree = "<group>"; };
		BB16ACAD2C25A18800F17508 /* NotificationManager.swift */ = {isa = PBXFileReference; lastKnownFileType = sourcecode.swift; path = NotificationManager.swift; sourceTree = "<group>"; };
		BB16ACB12C25A28800F17508 /* DateHelper.swift */ = {isa = PBXFileReference; lastKnownFileType = sourcecode.swift; path = DateHelper.swift; sourceTree = "<group>"; };
		BB16ACB32C25A48000F17508 /* AppDelegate.swift */ = {isa = PBXFileReference; lastKnownFileType = sourcecode.swift; path = AppDelegate.swift; sourceTree = "<group>"; };
		BB16ACB52C25CB4400F17508 /* Info.plist */ = {isa = PBXFileReference; lastKnownFileType = text.plist; path = Info.plist; sourceTree = "<group>"; };
		BB16ACB72C2730F900F17508 /* TheAudioRecorder.swift */ = {isa = PBXFileReference; lastKnownFileType = sourcecode.swift; path = TheAudioRecorder.swift; sourceTree = "<group>"; };
		BBDD59E72C209D1600A5DE9C /* Sonharium.app */ = {isa = PBXFileReference; explicitFileType = wrapper.application; includeInIndex = 0; path = Sonharium.app; sourceTree = BUILT_PRODUCTS_DIR; };
		BBDD59EC2C209D1600A5DE9C /* Sonharium.swift */ = {isa = PBXFileReference; lastKnownFileType = sourcecode.swift; path = Sonharium.swift; sourceTree = "<group>"; };
		BBDD59EE2C209D1700A5DE9C /* Assets.xcassets */ = {isa = PBXFileReference; lastKnownFileType = folder.assetcatalog; path = Assets.xcassets; sourceTree = "<group>"; };
		BBDD59F02C209D1700A5DE9C /* Sonharium.entitlements */ = {isa = PBXFileReference; lastKnownFileType = text.plist.entitlements; path = Sonharium.entitlements; sourceTree = "<group>"; };
		BBDD59F22C209D1700A5DE9C /* Preview Assets.xcassets */ = {isa = PBXFileReference; lastKnownFileType = folder.assetcatalog; path = "Preview Assets.xcassets"; sourceTree = "<group>"; };
		BBDD59F82C209D1700A5DE9C /* SonhariumTests.xctest */ = {isa = PBXFileReference; explicitFileType = wrapper.cfbundle; includeInIndex = 0; path = SonhariumTests.xctest; sourceTree = BUILT_PRODUCTS_DIR; };
		BBDD59FC2C209D1700A5DE9C /* SonhariumTests.swift */ = {isa = PBXFileReference; lastKnownFileType = sourcecode.swift; path = SonhariumTests.swift; sourceTree = "<group>"; };
		BBDD5A022C209D1700A5DE9C /* SonhariumUITests.xctest */ = {isa = PBXFileReference; explicitFileType = wrapper.cfbundle; includeInIndex = 0; path = SonhariumUITests.xctest; sourceTree = BUILT_PRODUCTS_DIR; };
		BBDD5A062C209D1700A5DE9C /* SonhariumUITests.swift */ = {isa = PBXFileReference; lastKnownFileType = sourcecode.swift; path = SonhariumUITests.swift; sourceTree = "<group>"; };
		BBDD5A082C209D1700A5DE9C /* SonhariumUITestsLaunchTests.swift */ = {isa = PBXFileReference; lastKnownFileType = sourcecode.swift; path = SonhariumUITestsLaunchTests.swift; sourceTree = "<group>"; };
		BBDD5A212C209EB300A5DE9C /* InfoDreamView.swift */ = {isa = PBXFileReference; lastKnownFileType = sourcecode.swift; path = InfoDreamView.swift; sourceTree = "<group>"; };
		BBDD5A232C209EC500A5DE9C /* EditDreamView.swift */ = {isa = PBXFileReference; lastKnownFileType = sourcecode.swift; path = EditDreamView.swift; sourceTree = "<group>"; };
		BBDD5A252C209ED900A5DE9C /* MyDreamsView.swift */ = {isa = PBXFileReference; lastKnownFileType = sourcecode.swift; path = MyDreamsView.swift; sourceTree = "<group>"; };
		BBDD5A272C209EE600A5DE9C /* MyDreamCardView.swift */ = {isa = PBXFileReference; lastKnownFileType = sourcecode.swift; path = MyDreamCardView.swift; sourceTree = "<group>"; };
		BBDD5A292C209EF500A5DE9C /* HomeDreamView.swift */ = {isa = PBXFileReference; lastKnownFileType = sourcecode.swift; path = HomeDreamView.swift; sourceTree = "<group>"; };
		BBDD5A2D2C209F1500A5DE9C /* DreamCardView.swift */ = {isa = PBXFileReference; lastKnownFileType = sourcecode.swift; path = DreamCardView.swift; sourceTree = "<group>"; };
		BBDD5A2F2C209F2B00A5DE9C /* AddDreamView.swift */ = {isa = PBXFileReference; lastKnownFileType = sourcecode.swift; path = AddDreamView.swift; sourceTree = "<group>"; };
		BBDD5A312C209F4300A5DE9C /* Dream.swift */ = {isa = PBXFileReference; lastKnownFileType = sourcecode.swift; path = Dream.swift; sourceTree = "<group>"; };
		BBDD5A342C20BDB600A5DE9C /* CustomCellView.swift */ = {isa = PBXFileReference; lastKnownFileType = sourcecode.swift; path = CustomCellView.swift; sourceTree = "<group>"; };
		BBDD5A362C21F9A300A5DE9C /* CustomCellViewTwo.swift */ = {isa = PBXFileReference; lastKnownFileType = sourcecode.swift; path = CustomCellViewTwo.swift; sourceTree = "<group>"; };
		BBDD5A382C2210AD00A5DE9C /* FaceIdView.swift */ = {isa = PBXFileReference; lastKnownFileType = sourcecode.swift; path = FaceIdView.swift; sourceTree = "<group>"; };
		BBDD5A3A2C2314A300A5DE9C /* AuthenticationManager.swift */ = {isa = PBXFileReference; lastKnownFileType = sourcecode.swift; path = AuthenticationManager.swift; sourceTree = "<group>"; };
		BBDD5A3C2C235A4200A5DE9C /* SplashScreenView.swift */ = {isa = PBXFileReference; lastKnownFileType = sourcecode.swift; path = SplashScreenView.swift; sourceTree = "<group>"; };
/* End PBXFileReference section */

/* Begin PBXFrameworksBuildPhase section */
		BBDD59E42C209D1600A5DE9C /* Frameworks */ = {
			isa = PBXFrameworksBuildPhase;
			buildActionMask = 2147483647;
			files = (
				12C280682C2B0CB80027596D /* CalendarWeek in Frameworks */,
			);
			runOnlyForDeploymentPostprocessing = 0;
		};
		BBDD59F52C209D1700A5DE9C /* Frameworks */ = {
			isa = PBXFrameworksBuildPhase;
			buildActionMask = 2147483647;
			files = (
				BB47DBAB2C2AE78A003E9003 /* CalendarWeek in Frameworks */,
			);
			runOnlyForDeploymentPostprocessing = 0;
		};
		BBDD59FF2C209D1700A5DE9C /* Frameworks */ = {
			isa = PBXFrameworksBuildPhase;
			buildActionMask = 2147483647;
			files = (
				BB47DBAD2C2AE7A7003E9003 /* CalendarWeek in Frameworks */,
			);
			runOnlyForDeploymentPostprocessing = 0;
		};
/* End PBXFrameworksBuildPhase section */

/* Begin PBXGroup section */
		12D0AB7E2C29A141006A5547 /* Frameworks */ = {
			isa = PBXGroup;
			children = (
			);
			name = Frameworks;
			sourceTree = "<group>";
		};
		BB16ACAC2C259B6500F17508 /* Notifications */ = {
			isa = PBXGroup;
			children = (
				BB16ACAD2C25A18800F17508 /* NotificationManager.swift */,
				BB16ACB12C25A28800F17508 /* DateHelper.swift */,
				BB16ACB32C25A48000F17508 /* AppDelegate.swift */,
			);
			path = Notifications;
			sourceTree = "<group>";
		};
		BB16ACB62C2730EB00F17508 /* AudioRecorder */ = {
			isa = PBXGroup;
			children = (
				BB16ACB72C2730F900F17508 /* TheAudioRecorder.swift */,
			);
			path = AudioRecorder;
			sourceTree = "<group>";
		};
		BBDD59DE2C209D1600A5DE9C = {
			isa = PBXGroup;
			children = (
				BBDD59E92C209D1600A5DE9C /* Sonharium */,
				BBDD59FB2C209D1700A5DE9C /* SonhariumTests */,
				BBDD5A052C209D1700A5DE9C /* SonhariumUITests */,
				BBDD59E82C209D1600A5DE9C /* Products */,
				12D0AB7E2C29A141006A5547 /* Frameworks */,
			);
			sourceTree = "<group>";
		};
		BBDD59E82C209D1600A5DE9C /* Products */ = {
			isa = PBXGroup;
			children = (
				BBDD59E72C209D1600A5DE9C /* Sonharium.app */,
				BBDD59F82C209D1700A5DE9C /* SonhariumTests.xctest */,
				BBDD5A022C209D1700A5DE9C /* SonhariumUITests.xctest */,
			);
			name = Products;
			sourceTree = "<group>";
		};
		BBDD59E92C209D1600A5DE9C /* Sonharium */ = {
			isa = PBXGroup;
			children = (
				BBDD59EC2C209D1600A5DE9C /* Sonharium.swift */,
				BBDD5A152C209E0300A5DE9C /* Model */,
				BBDD5A162C209E0A00A5DE9C /* Views */,
				BBDD59EE2C209D1700A5DE9C /* Assets.xcassets */,
				BBDD59F02C209D1700A5DE9C /* Sonharium.entitlements */,
				BB16ACB52C25CB4400F17508 /* Info.plist */,
				BBDD59F12C209D1700A5DE9C /* Preview Content */,
			);
			path = Sonharium;
			sourceTree = "<group>";
		};
		BBDD59F12C209D1700A5DE9C /* Preview Content */ = {
			isa = PBXGroup;
			children = (
				BBDD59F22C209D1700A5DE9C /* Preview Assets.xcassets */,
			);
			path = "Preview Content";
			sourceTree = "<group>";
		};
		BBDD59FB2C209D1700A5DE9C /* SonhariumTests */ = {
			isa = PBXGroup;
			children = (
				BBDD59FC2C209D1700A5DE9C /* SonhariumTests.swift */,
			);
			path = SonhariumTests;
			sourceTree = "<group>";
		};
		BBDD5A052C209D1700A5DE9C /* SonhariumUITests */ = {
			isa = PBXGroup;
			children = (
				BBDD5A062C209D1700A5DE9C /* SonhariumUITests.swift */,
				BBDD5A082C209D1700A5DE9C /* SonhariumUITestsLaunchTests.swift */,
			);
			path = SonhariumUITests;
			sourceTree = "<group>";
		};
		BBDD5A152C209E0300A5DE9C /* Model */ = {
			isa = PBXGroup;
			children = (
				BBDD5A312C209F4300A5DE9C /* Dream.swift */,
			);
			path = Model;
			sourceTree = "<group>";
		};
		BBDD5A162C209E0A00A5DE9C /* Views */ = {
			isa = PBXGroup;
			children = (
				BB16ACB62C2730EB00F17508 /* AudioRecorder */,
				BBDD5A182C209E2200A5DE9C /* HomeDream */,
				BBDD5A172C209E1100A5DE9C /* AddDream */,
				BBDD5A192C209E2C00A5DE9C /* MyDreams */,
				BBDD5A1A2C209E3900A5DE9C /* EditDream */,
				BBDD5A1B2C209E4400A5DE9C /* InfoDream */,
				BB16ACAC2C259B6500F17508 /* Notifications */,
				BBDD5A1E2C209E6700A5DE9C /* Settings */,
			);
			path = Views;
			sourceTree = "<group>";
		};
		BBDD5A172C209E1100A5DE9C /* AddDream */ = {
			isa = PBXGroup;
			children = (
				BBDD5A2F2C209F2B00A5DE9C /* AddDreamView.swift */,
				129835462C25AE3300CA8CD9 /* DrawView.swift */,
			);
			path = AddDream;
			sourceTree = "<group>";
		};
		BBDD5A182C209E2200A5DE9C /* HomeDream */ = {
			isa = PBXGroup;
			children = (
				BBDD5A292C209EF500A5DE9C /* HomeDreamView.swift */,
				12D0AB852C29A4BC006A5547 /* CalendarioView.swift */,
				BBDD5A3C2C235A4200A5DE9C /* SplashScreenView.swift */,
				BBDD5A382C2210AD00A5DE9C /* FaceIdView.swift */,
				BBDD5A2D2C209F1500A5DE9C /* DreamCardView.swift */,
			);
			path = HomeDream;
			sourceTree = "<group>";
		};
		BBDD5A192C209E2C00A5DE9C /* MyDreams */ = {
			isa = PBXGroup;
			children = (
				BBDD5A252C209ED900A5DE9C /* MyDreamsView.swift */,
				BBDD5A272C209EE600A5DE9C /* MyDreamCardView.swift */,
				30FDCD852C234662009A1D38 /* NoDrems.swift */,
			);
			path = MyDreams;
			sourceTree = "<group>";
		};
		BBDD5A1A2C209E3900A5DE9C /* EditDream */ = {
			isa = PBXGroup;
			children = (
				BBDD5A232C209EC500A5DE9C /* EditDreamView.swift */,
			);
			path = EditDream;
			sourceTree = "<group>";
		};
		BBDD5A1B2C209E4400A5DE9C /* InfoDream */ = {
			isa = PBXGroup;
			children = (
				122C5AEA2C20C00A00FC1D02 /* InfoBeneficiosCardView.swift */,
				122C5AE62C20B0BB00FC1D02 /* InfoButtonView.swift */,
				122C5AE82C20BC1F00FC1D02 /* InfoCardView.swift */,
				BBDD5A212C209EB300A5DE9C /* InfoDreamView.swift */,
			);
			path = InfoDream;
			sourceTree = "<group>";
		};
		BBDD5A1E2C209E6700A5DE9C /* Settings */ = {
			isa = PBXGroup;
			children = (
				BBDD5A342C20BDB600A5DE9C /* CustomCellView.swift */,
				BBDD5A362C21F9A300A5DE9C /* CustomCellViewTwo.swift */,
				BBDD5A3A2C2314A300A5DE9C /* AuthenticationManager.swift */,
			);
			path = Settings;
			sourceTree = "<group>";
		};
/* End PBXGroup section */

/* Begin PBXNativeTarget section */
		BBDD59E62C209D1600A5DE9C /* Sonharium */ = {
			isa = PBXNativeTarget;
			buildConfigurationList = BBDD5A0C2C209D1700A5DE9C /* Build configuration list for PBXNativeTarget "Sonharium" */;
			buildPhases = (
				BBDD59E32C209D1600A5DE9C /* Sources */,
				BBDD59E42C209D1600A5DE9C /* Frameworks */,
				BBDD59E52C209D1600A5DE9C /* Resources */,
				BBDD5A332C20A0E000A5DE9C /* Run Script */,
			);
			buildRules = (
			);
			dependencies = (
			);
			name = Sonharium;
			packageProductDependencies = (
				12C280672C2B0CB80027596D /* CalendarWeek */,
			);
			productName = Sonharium;
			productReference = BBDD59E72C209D1600A5DE9C /* Sonharium.app */;
			productType = "com.apple.product-type.application";
		};
		BBDD59F72C209D1700A5DE9C /* SonhariumTests */ = {
			isa = PBXNativeTarget;
			buildConfigurationList = BBDD5A0F2C209D1700A5DE9C /* Build configuration list for PBXNativeTarget "SonhariumTests" */;
			buildPhases = (
				BBDD59F42C209D1700A5DE9C /* Sources */,
				BBDD59F52C209D1700A5DE9C /* Frameworks */,
				BBDD59F62C209D1700A5DE9C /* Resources */,
			);
			buildRules = (
			);
			dependencies = (
				BBDD59FA2C209D1700A5DE9C /* PBXTargetDependency */,
			);
			name = SonhariumTests;
			packageProductDependencies = (
				BB47DBAA2C2AE78A003E9003 /* CalendarWeek */,
			);
			productName = SonhariumTests;
			productReference = BBDD59F82C209D1700A5DE9C /* SonhariumTests.xctest */;
			productType = "com.apple.product-type.bundle.unit-test";
		};
		BBDD5A012C209D1700A5DE9C /* SonhariumUITests */ = {
			isa = PBXNativeTarget;
			buildConfigurationList = BBDD5A122C209D1700A5DE9C /* Build configuration list for PBXNativeTarget "SonhariumUITests" */;
			buildPhases = (
				BBDD59FF2C209D1700A5DE9C /* Frameworks */,
				BBDD5A002C209D1700A5DE9C /* Resources */,
			);
			buildRules = (
			);
			dependencies = (
			);
			name = SonhariumUITests;
			packageProductDependencies = (
				BB47DBAC2C2AE7A7003E9003 /* CalendarWeek */,
			);
			productName = SonhariumUITests;
			productReference = BBDD5A022C209D1700A5DE9C /* SonhariumUITests.xctest */;
			productType = "com.apple.product-type.bundle.ui-testing";
		};
/* End PBXNativeTarget section */

/* Begin PBXProject section */
		BBDD59DF2C209D1600A5DE9C /* Project object */ = {
			isa = PBXProject;
			attributes = {
				BuildIndependentTargetsInParallel = 1;
				LastSwiftUpdateCheck = 1540;
				LastUpgradeCheck = 1540;
				TargetAttributes = {
					BBDD59E62C209D1600A5DE9C = {
						CreatedOnToolsVersion = 15.4;
					};
					BBDD59F72C209D1700A5DE9C = {
						CreatedOnToolsVersion = 15.4;
						TestTargetID = BBDD59E62C209D1600A5DE9C;
					};
					BBDD5A012C209D1700A5DE9C = {
						CreatedOnToolsVersion = 15.4;
						TestTargetID = BBDD59E62C209D1600A5DE9C;
					};
				};
			};
			buildConfigurationList = BBDD59E22C209D1600A5DE9C /* Build configuration list for PBXProject "Sonharium" */;
			compatibilityVersion = "Xcode 14.0";
			developmentRegion = en;
			hasScannedForEncodings = 0;
			knownRegions = (
				en,
				Base,
			);
			mainGroup = BBDD59DE2C209D1600A5DE9C;
			packageReferences = (
				12C280662C2B0C8B0027596D /* XCLocalSwiftPackageReference "CalendarWeek" */,
			);
			productRefGroup = BBDD59E82C209D1600A5DE9C /* Products */;
			projectDirPath = "";
			projectRoot = "";
			targets = (
				BBDD59E62C209D1600A5DE9C /* Sonharium */,
				BBDD59F72C209D1700A5DE9C /* SonhariumTests */,
				BBDD5A012C209D1700A5DE9C /* SonhariumUITests */,
			);
		};
/* End PBXProject section */

/* Begin PBXResourcesBuildPhase section */
		BBDD59E52C209D1600A5DE9C /* Resources */ = {
			isa = PBXResourcesBuildPhase;
			buildActionMask = 2147483647;
			files = (
				BBDD59F32C209D1700A5DE9C /* Preview Assets.xcassets in Resources */,
				BBDD59EF2C209D1700A5DE9C /* Assets.xcassets in Resources */,
			);
			runOnlyForDeploymentPostprocessing = 0;
		};
		BBDD59F62C209D1700A5DE9C /* Resources */ = {
			isa = PBXResourcesBuildPhase;
			buildActionMask = 2147483647;
			files = (
			);
			runOnlyForDeploymentPostprocessing = 0;
		};
		BBDD5A002C209D1700A5DE9C /* Resources */ = {
			isa = PBXResourcesBuildPhase;
			buildActionMask = 2147483647;
			files = (
			);
			runOnlyForDeploymentPostprocessing = 0;
		};
/* End PBXResourcesBuildPhase section */

/* Begin PBXShellScriptBuildPhase section */
		BBDD5A332C20A0E000A5DE9C /* Run Script */ = {
			isa = PBXShellScriptBuildPhase;
			alwaysOutOfDate = 1;
			buildActionMask = 2147483647;
			files = (
			);
			inputFileListPaths = (
			);
			inputPaths = (
			);
			name = "Run Script";
			outputFileListPaths = (
			);
			outputPaths = (
			);
			runOnlyForDeploymentPostprocessing = 0;
			shellPath = /bin/sh;
			shellScript = "if [[ \"$(uname -m)\" == arm64 ]]; then\n    export PATH=\"/opt/homebrew/bin:$PATH\"\nfi\n\nif which swiftlint > /dev/null; then\n  swiftlint\nelse\n  echo \"warning: SwiftLint not installed, download from https://github.com/realm/SwiftLint\"\nfi\n";
		};
/* End PBXShellScriptBuildPhase section */

/* Begin PBXSourcesBuildPhase section */
		BBDD59E32C209D1600A5DE9C /* Sources */ = {
			isa = PBXSourcesBuildPhase;
			buildActionMask = 2147483647;
			files = (
				BB16ACB22C25A28800F17508 /* DateHelper.swift in Sources */,
				BBDD5A352C20BDB600A5DE9C /* CustomCellView.swift in Sources */,
				BBDD5A392C2210AD00A5DE9C /* FaceIdView.swift in Sources */,
				129835472C25AE3300CA8CD9 /* DrawView.swift in Sources */,
				BBDD5A3D2C235A4200A5DE9C /* SplashScreenView.swift in Sources */,
				BBDD59ED2C209D1600A5DE9C /* Sonharium.swift in Sources */,
				BB16ACAE2C25A18800F17508 /* NotificationManager.swift in Sources */,
				BB16ACB42C25A48000F17508 /* AppDelegate.swift in Sources */,
				BBDD5A302C209F2B00A5DE9C /* AddDreamView.swift in Sources */,
				BBDD5A2E2C209F1500A5DE9C /* DreamCardView.swift in Sources */,
				122C5AE92C20BC1F00FC1D02 /* InfoCardView.swift in Sources */,
				BBDD5A242C209EC500A5DE9C /* EditDreamView.swift in Sources */,
				12D0AB862C29A4BC006A5547 /* CalendarioView.swift in Sources */,
				BBDD5A2A2C209EF500A5DE9C /* HomeDreamView.swift in Sources */,
				30FDCD862C234662009A1D38 /* NoDrems.swift in Sources */,
				BBDD5A372C21F9A300A5DE9C /* CustomCellViewTwo.swift in Sources */,
				BBDD5A222C209EB300A5DE9C /* InfoDreamView.swift in Sources */,
				BBDD5A3B2C2314A300A5DE9C /* AuthenticationManager.swift in Sources */,
				BBDD5A262C209ED900A5DE9C /* MyDreamsView.swift in Sources */,
				BBDD5A282C209EE600A5DE9C /* MyDreamCardView.swift in Sources */,
				BB16ACB82C2730F900F17508 /* TheAudioRecorder.swift in Sources */,
				122C5AEB2C20C00A00FC1D02 /* InfoBeneficiosCardView.swift in Sources */,
				122C5AE72C20B0BB00FC1D02 /* InfoButtonView.swift in Sources */,
				BBDD5A322C209F4300A5DE9C /* Dream.swift in Sources */,
			);
			runOnlyForDeploymentPostprocessing = 0;
		};
		BBDD59F42C209D1700A5DE9C /* Sources */ = {
			isa = PBXSourcesBuildPhase;
			buildActionMask = 2147483647;
			files = (
				BBDD59FD2C209D1700A5DE9C /* SonhariumTests.swift in Sources */,
			);
			runOnlyForDeploymentPostprocessing = 0;
		};
/* End PBXSourcesBuildPhase section */

/* Begin PBXTargetDependency section */
		BBDD59FA2C209D1700A5DE9C /* PBXTargetDependency */ = {
			isa = PBXTargetDependency;
			target = BBDD59E62C209D1600A5DE9C /* Sonharium */;
			targetProxy = BBDD59F92C209D1700A5DE9C /* PBXContainerItemProxy */;
		};
/* End PBXTargetDependency section */

/* Begin XCBuildConfiguration section */
		BBDD5A0A2C209D1700A5DE9C /* Debug */ = {
			isa = XCBuildConfiguration;
			buildSettings = {
				ALWAYS_SEARCH_USER_PATHS = NO;
				ASSETCATALOG_COMPILER_GENERATE_SWIFT_ASSET_SYMBOL_EXTENSIONS = YES;
				CLANG_ANALYZER_NONNULL = YES;
				CLANG_ANALYZER_NUMBER_OBJECT_CONVERSION = YES_AGGRESSIVE;
				CLANG_CXX_LANGUAGE_STANDARD = "gnu++20";
				CLANG_ENABLE_MODULES = YES;
				CLANG_ENABLE_OBJC_ARC = YES;
				CLANG_ENABLE_OBJC_WEAK = YES;
				CLANG_WARN_BLOCK_CAPTURE_AUTORELEASING = YES;
				CLANG_WARN_BOOL_CONVERSION = YES;
				CLANG_WARN_COMMA = YES;
				CLANG_WARN_CONSTANT_CONVERSION = YES;
				CLANG_WARN_DEPRECATED_OBJC_IMPLEMENTATIONS = YES;
				CLANG_WARN_DIRECT_OBJC_ISA_USAGE = YES_ERROR;
				CLANG_WARN_DOCUMENTATION_COMMENTS = YES;
				CLANG_WARN_EMPTY_BODY = YES;
				CLANG_WARN_ENUM_CONVERSION = YES;
				CLANG_WARN_INFINITE_RECURSION = YES;
				CLANG_WARN_INT_CONVERSION = YES;
				CLANG_WARN_NON_LITERAL_NULL_CONVERSION = YES;
				CLANG_WARN_OBJC_IMPLICIT_RETAIN_SELF = YES;
				CLANG_WARN_OBJC_LITERAL_CONVERSION = YES;
				CLANG_WARN_OBJC_ROOT_CLASS = YES_ERROR;
				CLANG_WARN_QUOTED_INCLUDE_IN_FRAMEWORK_HEADER = YES;
				CLANG_WARN_RANGE_LOOP_ANALYSIS = YES;
				CLANG_WARN_STRICT_PROTOTYPES = YES;
				CLANG_WARN_SUSPICIOUS_MOVE = YES;
				CLANG_WARN_UNGUARDED_AVAILABILITY = YES_AGGRESSIVE;
				CLANG_WARN_UNREACHABLE_CODE = YES;
				CLANG_WARN__DUPLICATE_METHOD_MATCH = YES;
				COPY_PHASE_STRIP = NO;
				DEAD_CODE_STRIPPING = YES;
				DEBUG_INFORMATION_FORMAT = dwarf;
				ENABLE_STRICT_OBJC_MSGSEND = YES;
				ENABLE_TESTABILITY = YES;
				ENABLE_USER_SCRIPT_SANDBOXING = NO;
				GCC_C_LANGUAGE_STANDARD = gnu17;
				GCC_DYNAMIC_NO_PIC = NO;
				GCC_NO_COMMON_BLOCKS = YES;
				GCC_OPTIMIZATION_LEVEL = 0;
				GCC_PREPROCESSOR_DEFINITIONS = (
					"DEBUG=1",
					"$(inherited)",
				);
				GCC_WARN_64_TO_32_BIT_CONVERSION = YES;
				GCC_WARN_ABOUT_RETURN_TYPE = YES_ERROR;
				GCC_WARN_UNDECLARED_SELECTOR = YES;
				GCC_WARN_UNINITIALIZED_AUTOS = YES_AGGRESSIVE;
				GCC_WARN_UNUSED_FUNCTION = YES;
				GCC_WARN_UNUSED_VARIABLE = YES;
				LOCALIZATION_PREFERS_STRING_CATALOGS = YES;
				MTL_ENABLE_DEBUG_INFO = INCLUDE_SOURCE;
				MTL_FAST_MATH = YES;
				ONLY_ACTIVE_ARCH = YES;
				SWIFT_ACTIVE_COMPILATION_CONDITIONS = "DEBUG $(inherited)";
				SWIFT_OPTIMIZATION_LEVEL = "-Onone";
			};
			name = Debug;
		};
		BBDD5A0B2C209D1700A5DE9C /* Release */ = {
			isa = XCBuildConfiguration;
			buildSettings = {
				ALWAYS_SEARCH_USER_PATHS = NO;
				ASSETCATALOG_COMPILER_GENERATE_SWIFT_ASSET_SYMBOL_EXTENSIONS = YES;
				CLANG_ANALYZER_NONNULL = YES;
				CLANG_ANALYZER_NUMBER_OBJECT_CONVERSION = YES_AGGRESSIVE;
				CLANG_CXX_LANGUAGE_STANDARD = "gnu++20";
				CLANG_ENABLE_MODULES = YES;
				CLANG_ENABLE_OBJC_ARC = YES;
				CLANG_ENABLE_OBJC_WEAK = YES;
				CLANG_WARN_BLOCK_CAPTURE_AUTORELEASING = YES;
				CLANG_WARN_BOOL_CONVERSION = YES;
				CLANG_WARN_COMMA = YES;
				CLANG_WARN_CONSTANT_CONVERSION = YES;
				CLANG_WARN_DEPRECATED_OBJC_IMPLEMENTATIONS = YES;
				CLANG_WARN_DIRECT_OBJC_ISA_USAGE = YES_ERROR;
				CLANG_WARN_DOCUMENTATION_COMMENTS = YES;
				CLANG_WARN_EMPTY_BODY = YES;
				CLANG_WARN_ENUM_CONVERSION = YES;
				CLANG_WARN_INFINITE_RECURSION = YES;
				CLANG_WARN_INT_CONVERSION = YES;
				CLANG_WARN_NON_LITERAL_NULL_CONVERSION = YES;
				CLANG_WARN_OBJC_IMPLICIT_RETAIN_SELF = YES;
				CLANG_WARN_OBJC_LITERAL_CONVERSION = YES;
				CLANG_WARN_OBJC_ROOT_CLASS = YES_ERROR;
				CLANG_WARN_QUOTED_INCLUDE_IN_FRAMEWORK_HEADER = YES;
				CLANG_WARN_RANGE_LOOP_ANALYSIS = YES;
				CLANG_WARN_STRICT_PROTOTYPES = YES;
				CLANG_WARN_SUSPICIOUS_MOVE = YES;
				CLANG_WARN_UNGUARDED_AVAILABILITY = YES_AGGRESSIVE;
				CLANG_WARN_UNREACHABLE_CODE = YES;
				CLANG_WARN__DUPLICATE_METHOD_MATCH = YES;
				COPY_PHASE_STRIP = NO;
				DEAD_CODE_STRIPPING = YES;
				DEBUG_INFORMATION_FORMAT = "dwarf-with-dsym";
				ENABLE_NS_ASSERTIONS = NO;
				ENABLE_STRICT_OBJC_MSGSEND = YES;
				ENABLE_USER_SCRIPT_SANDBOXING = NO;
				GCC_C_LANGUAGE_STANDARD = gnu17;
				GCC_NO_COMMON_BLOCKS = YES;
				GCC_WARN_64_TO_32_BIT_CONVERSION = YES;
				GCC_WARN_ABOUT_RETURN_TYPE = YES_ERROR;
				GCC_WARN_UNDECLARED_SELECTOR = YES;
				GCC_WARN_UNINITIALIZED_AUTOS = YES_AGGRESSIVE;
				GCC_WARN_UNUSED_FUNCTION = YES;
				GCC_WARN_UNUSED_VARIABLE = YES;
				LOCALIZATION_PREFERS_STRING_CATALOGS = YES;
				MTL_ENABLE_DEBUG_INFO = NO;
				MTL_FAST_MATH = YES;
				SWIFT_COMPILATION_MODE = wholemodule;
			};
			name = Release;
		};
		BBDD5A0D2C209D1700A5DE9C /* Debug */ = {
			isa = XCBuildConfiguration;
			buildSettings = {
				ASSETCATALOG_COMPILER_APPICON_NAME = AppIcon;
				ASSETCATALOG_COMPILER_GLOBAL_ACCENT_COLOR_NAME = AccentColor;
				CODE_SIGN_ENTITLEMENTS = Sonharium/Sonharium.entitlements;
				CODE_SIGN_STYLE = Automatic;
				CURRENT_PROJECT_VERSION = 1;
				DEAD_CODE_STRIPPING = YES;
				DEVELOPMENT_ASSET_PATHS = "\"Sonharium/Preview Content\"";
				DEVELOPMENT_TEAM = A464MN4KY4;
				ENABLE_HARDENED_RUNTIME = YES;
				ENABLE_PREVIEWS = YES;
				GENERATE_INFOPLIST_FILE = YES;
				INFOPLIST_FILE = Sonharium/Info.plist;
				INFOPLIST_KEY_NSFaceIDUsageDescription = "We use this to unlock the phone";
				INFOPLIST_KEY_NSMicrophoneUsageDescription = "Este aplicativo precisa acessar o microfone para gravar áudios dos seus sonhos.";
				"INFOPLIST_KEY_UIApplicationSceneManifest_Generation[sdk=iphoneos*]" = YES;
				"INFOPLIST_KEY_UIApplicationSceneManifest_Generation[sdk=iphonesimulator*]" = YES;
				"INFOPLIST_KEY_UIApplicationSupportsIndirectInputEvents[sdk=iphoneos*]" = YES;
				"INFOPLIST_KEY_UIApplicationSupportsIndirectInputEvents[sdk=iphonesimulator*]" = YES;
				"INFOPLIST_KEY_UILaunchScreen_Generation[sdk=iphoneos*]" = YES;
				"INFOPLIST_KEY_UILaunchScreen_Generation[sdk=iphonesimulator*]" = YES;
				"INFOPLIST_KEY_UIStatusBarStyle[sdk=iphoneos*]" = UIStatusBarStyleDefault;
				"INFOPLIST_KEY_UIStatusBarStyle[sdk=iphonesimulator*]" = UIStatusBarStyleDefault;
				INFOPLIST_KEY_UISupportedInterfaceOrientations_iPad = "UIInterfaceOrientationPortrait UIInterfaceOrientationPortraitUpsideDown UIInterfaceOrientationLandscapeLeft UIInterfaceOrientationLandscapeRight";
				INFOPLIST_KEY_UISupportedInterfaceOrientations_iPhone = "UIInterfaceOrientationPortrait UIInterfaceOrientationLandscapeLeft UIInterfaceOrientationLandscapeRight";
				IPHONEOS_DEPLOYMENT_TARGET = 17.4;
				LD_RUNPATH_SEARCH_PATHS = "@executable_path/Frameworks";
				"LD_RUNPATH_SEARCH_PATHS[sdk=macosx*]" = "@executable_path/../Frameworks";
				MACOSX_DEPLOYMENT_TARGET = 14.4;
				MARKETING_VERSION = 1.0;
				PRODUCT_BUNDLE_IDENTIFIER = SonhariumTeam7;
				PRODUCT_NAME = "$(TARGET_NAME)";
				SDKROOT = auto;
				SUPPORTED_PLATFORMS = "iphoneos iphonesimulator";
				SUPPORTS_MACCATALYST = NO;
				SWIFT_EMIT_LOC_STRINGS = YES;
				SWIFT_VERSION = 5.0;
				TARGETED_DEVICE_FAMILY = "1,2";
			};
			name = Debug;
		};
		BBDD5A0E2C209D1700A5DE9C /* Release */ = {
			isa = XCBuildConfiguration;
			buildSettings = {
				ASSETCATALOG_COMPILER_APPICON_NAME = AppIcon;
				ASSETCATALOG_COMPILER_GLOBAL_ACCENT_COLOR_NAME = AccentColor;
				CODE_SIGN_ENTITLEMENTS = Sonharium/Sonharium.entitlements;
				CODE_SIGN_STYLE = Automatic;
				CURRENT_PROJECT_VERSION = 1;
				DEAD_CODE_STRIPPING = YES;
				DEVELOPMENT_ASSET_PATHS = "\"Sonharium/Preview Content\"";
				DEVELOPMENT_TEAM = A464MN4KY4;
				ENABLE_HARDENED_RUNTIME = YES;
				ENABLE_PREVIEWS = YES;
				GENERATE_INFOPLIST_FILE = YES;
				INFOPLIST_FILE = Sonharium/Info.plist;
				INFOPLIST_KEY_NSFaceIDUsageDescription = "We use this to unlock the phone";
				INFOPLIST_KEY_NSMicrophoneUsageDescription = "Este aplicativo precisa acessar o microfone para gravar áudios dos seus sonhos.";
				"INFOPLIST_KEY_UIApplicationSceneManifest_Generation[sdk=iphoneos*]" = YES;
				"INFOPLIST_KEY_UIApplicationSceneManifest_Generation[sdk=iphonesimulator*]" = YES;
				"INFOPLIST_KEY_UIApplicationSupportsIndirectInputEvents[sdk=iphoneos*]" = YES;
				"INFOPLIST_KEY_UIApplicationSupportsIndirectInputEvents[sdk=iphonesimulator*]" = YES;
				"INFOPLIST_KEY_UILaunchScreen_Generation[sdk=iphoneos*]" = YES;
				"INFOPLIST_KEY_UILaunchScreen_Generation[sdk=iphonesimulator*]" = YES;
				"INFOPLIST_KEY_UIStatusBarStyle[sdk=iphoneos*]" = UIStatusBarStyleDefault;
				"INFOPLIST_KEY_UIStatusBarStyle[sdk=iphonesimulator*]" = UIStatusBarStyleDefault;
				INFOPLIST_KEY_UISupportedInterfaceOrientations_iPad = "UIInterfaceOrientationPortrait UIInterfaceOrientationPortraitUpsideDown UIInterfaceOrientationLandscapeLeft UIInterfaceOrientationLandscapeRight";
				INFOPLIST_KEY_UISupportedInterfaceOrientations_iPhone = "UIInterfaceOrientationPortrait UIInterfaceOrientationLandscapeLeft UIInterfaceOrientationLandscapeRight";
				IPHONEOS_DEPLOYMENT_TARGET = 17.4;
				LD_RUNPATH_SEARCH_PATHS = "@executable_path/Frameworks";
				"LD_RUNPATH_SEARCH_PATHS[sdk=macosx*]" = "@executable_path/../Frameworks";
				MACOSX_DEPLOYMENT_TARGET = 14.4;
				MARKETING_VERSION = 1.0;
				PRODUCT_BUNDLE_IDENTIFIER = SonhariumTeam7;
				PRODUCT_NAME = "$(TARGET_NAME)";
				SDKROOT = auto;
				SUPPORTED_PLATFORMS = "iphoneos iphonesimulator";
				SUPPORTS_MACCATALYST = NO;
				SWIFT_EMIT_LOC_STRINGS = YES;
				SWIFT_VERSION = 5.0;
				TARGETED_DEVICE_FAMILY = "1,2";
			};
			name = Release;
		};
		BBDD5A102C209D1700A5DE9C /* Debug */ = {
			isa = XCBuildConfiguration;
			buildSettings = {
				ALWAYS_EMBED_SWIFT_STANDARD_LIBRARIES = YES;
				BUNDLE_LOADER = "$(TEST_HOST)";
				CODE_SIGN_STYLE = Automatic;
				CURRENT_PROJECT_VERSION = 1;
				DEAD_CODE_STRIPPING = YES;
				DEVELOPMENT_TEAM = A464MN4KY4;
				GENERATE_INFOPLIST_FILE = YES;
				IPHONEOS_DEPLOYMENT_TARGET = 17.4;
				MACOSX_DEPLOYMENT_TARGET = 14.5;
				MARKETING_VERSION = 1.0;
				PRODUCT_BUNDLE_IDENTIFIER = team7.SonhariumTests;
				PRODUCT_NAME = "$(TARGET_NAME)";
				SDKROOT = auto;
				SUPPORTED_PLATFORMS = "iphoneos iphonesimulator macosx";
				SWIFT_EMIT_LOC_STRINGS = NO;
				SWIFT_VERSION = 5.0;
				TARGETED_DEVICE_FAMILY = "1,2";
				TEST_HOST = "$(BUILT_PRODUCTS_DIR)/Sonharium.app/$(BUNDLE_EXECUTABLE_FOLDER_PATH)/Sonharium";
			};
			name = Debug;
		};
		BBDD5A112C209D1700A5DE9C /* Release */ = {
			isa = XCBuildConfiguration;
			buildSettings = {
				ALWAYS_EMBED_SWIFT_STANDARD_LIBRARIES = YES;
				BUNDLE_LOADER = "$(TEST_HOST)";
				CODE_SIGN_STYLE = Automatic;
				CURRENT_PROJECT_VERSION = 1;
				DEAD_CODE_STRIPPING = YES;
				DEVELOPMENT_TEAM = A464MN4KY4;
				GENERATE_INFOPLIST_FILE = YES;
				IPHONEOS_DEPLOYMENT_TARGET = 17.4;
				MACOSX_DEPLOYMENT_TARGET = 14.5;
				MARKETING_VERSION = 1.0;
				PRODUCT_BUNDLE_IDENTIFIER = team7.SonhariumTests;
				PRODUCT_NAME = "$(TARGET_NAME)";
				SDKROOT = auto;
				SUPPORTED_PLATFORMS = "iphoneos iphonesimulator macosx";
				SWIFT_EMIT_LOC_STRINGS = NO;
				SWIFT_VERSION = 5.0;
				TARGETED_DEVICE_FAMILY = "1,2";
				TEST_HOST = "$(BUILT_PRODUCTS_DIR)/Sonharium.app/$(BUNDLE_EXECUTABLE_FOLDER_PATH)/Sonharium";
			};
			name = Release;
		};
		BBDD5A132C209D1700A5DE9C /* Debug */ = {
			isa = XCBuildConfiguration;
			buildSettings = {
				ALWAYS_EMBED_SWIFT_STANDARD_LIBRARIES = YES;
				CODE_SIGN_STYLE = Automatic;
				CURRENT_PROJECT_VERSION = 1;
				DEAD_CODE_STRIPPING = YES;
				DEVELOPMENT_TEAM = A464MN4KY4;
				GENERATE_INFOPLIST_FILE = YES;
				IPHONEOS_DEPLOYMENT_TARGET = 17.4;
				MACOSX_DEPLOYMENT_TARGET = 14.5;
				MARKETING_VERSION = 1.0;
				PRODUCT_BUNDLE_IDENTIFIER = team7.SonhariumUITests;
				PRODUCT_NAME = "$(TARGET_NAME)";
				SDKROOT = auto;
				SUPPORTED_PLATFORMS = "iphoneos iphonesimulator macosx";
				SWIFT_EMIT_LOC_STRINGS = NO;
				SWIFT_VERSION = 5.0;
				TARGETED_DEVICE_FAMILY = "1,2";
				TEST_TARGET_NAME = Sonharium;
			};
			name = Debug;
		};
		BBDD5A142C209D1700A5DE9C /* Release */ = {
			isa = XCBuildConfiguration;
			buildSettings = {
				ALWAYS_EMBED_SWIFT_STANDARD_LIBRARIES = YES;
				CODE_SIGN_STYLE = Automatic;
				CURRENT_PROJECT_VERSION = 1;
				DEAD_CODE_STRIPPING = YES;
				DEVELOPMENT_TEAM = A464MN4KY4;
				GENERATE_INFOPLIST_FILE = YES;
				IPHONEOS_DEPLOYMENT_TARGET = 17.4;
				MACOSX_DEPLOYMENT_TARGET = 14.5;
				MARKETING_VERSION = 1.0;
				PRODUCT_BUNDLE_IDENTIFIER = team7.SonhariumUITests;
				PRODUCT_NAME = "$(TARGET_NAME)";
				SDKROOT = auto;
				SUPPORTED_PLATFORMS = "iphoneos iphonesimulator macosx";
				SWIFT_EMIT_LOC_STRINGS = NO;
				SWIFT_VERSION = 5.0;
				TARGETED_DEVICE_FAMILY = "1,2";
				TEST_TARGET_NAME = Sonharium;
			};
			name = Release;
		};
/* End XCBuildConfiguration section */

/* Begin XCConfigurationList section */
		BBDD59E22C209D1600A5DE9C /* Build configuration list for PBXProject "Sonharium" */ = {
			isa = XCConfigurationList;
			buildConfigurations = (
				BBDD5A0A2C209D1700A5DE9C /* Debug */,
				BBDD5A0B2C209D1700A5DE9C /* Release */,
			);
			defaultConfigurationIsVisible = 0;
			defaultConfigurationName = Release;
		};
		BBDD5A0C2C209D1700A5DE9C /* Build configuration list for PBXNativeTarget "Sonharium" */ = {
			isa = XCConfigurationList;
			buildConfigurations = (
				BBDD5A0D2C209D1700A5DE9C /* Debug */,
				BBDD5A0E2C209D1700A5DE9C /* Release */,
			);
			defaultConfigurationIsVisible = 0;
			defaultConfigurationName = Release;
		};
		BBDD5A0F2C209D1700A5DE9C /* Build configuration list for PBXNativeTarget "SonhariumTests" */ = {
			isa = XCConfigurationList;
			buildConfigurations = (
				BBDD5A102C209D1700A5DE9C /* Debug */,
				BBDD5A112C209D1700A5DE9C /* Release */,
			);
			defaultConfigurationIsVisible = 0;
			defaultConfigurationName = Release;
		};
		BBDD5A122C209D1700A5DE9C /* Build configuration list for PBXNativeTarget "SonhariumUITests" */ = {
			isa = XCConfigurationList;
			buildConfigurations = (
				BBDD5A132C209D1700A5DE9C /* Debug */,
				BBDD5A142C209D1700A5DE9C /* Release */,
			);
			defaultConfigurationIsVisible = 0;
			defaultConfigurationName = Release;
		};
/* End XCConfigurationList section */

/* Begin XCLocalSwiftPackageReference section */
		12C280662C2B0C8B0027596D /* XCLocalSwiftPackageReference "CalendarWeek" */ = {
			isa = XCLocalSwiftPackageReference;
			relativePath = CalendarWeek;
		};
/* End XCLocalSwiftPackageReference section */

/* Begin XCSwiftPackageProductDependency section */
		12C280672C2B0CB80027596D /* CalendarWeek */ = {
			isa = XCSwiftPackageProductDependency;
			package = 12C280662C2B0C8B0027596D /* XCLocalSwiftPackageReference "CalendarWeek" */;
			productName = CalendarWeek;
		};
		BB47DBAA2C2AE78A003E9003 /* CalendarWeek */ = {
			isa = XCSwiftPackageProductDependency;
			productName = CalendarWeek;
		};
		BB47DBAC2C2AE7A7003E9003 /* CalendarWeek */ = {
			isa = XCSwiftPackageProductDependency;
			productName = CalendarWeek;
		};
/* End XCSwiftPackageProductDependency section */
	};
	rootObject = BBDD59DF2C209D1600A5DE9C /* Project object */;
}
