{
  "originHash" : "9869613ee4dc86c6d0994c9a1d557e216cdbfe10a28ee06668737a19858ccfc8",
  "pins" : [
    {
      "identity" : "calendarweek",
      "kind" : "remoteSourceControl",
      "location" : "https://github.com/GabrielaBezerra/CalendarWeek",
      "state" : {
        "branch" : "main",
        "revision" : "ac51ac4229c47edf0f20971966f158741f9db099"
      }
    }
  ],
  "version" : 3
}
