{
  "originHash" : "dbd32556fbc72a6984ebe9b9aac7e4a6fb3df89c21c1e5661e81403b4f902eef",
  "pins" : [
    {
      "identity" : "calendarweek",
      "kind" : "remoteSourceControl",
      "location" : "https://github.com/GabrielaBezerra/CalendarWeek",
      "state" : {
        "branch" : "main",
        "revision" : "f2b1e8d510ab507decb68494e9965bb636de5794"
      }
    }
  ],
  "version" : 3
}
